// !$*UTF8*$!
{
	archiveVersion = 1;
	classes = {
	};
	objectVersion = 55;
	objects = {

/* Begin PBXBuildFile section */
		928268FD2B13113700FB3E10 /* AppDelegate.m in Sources */ = {isa = PBXBuildFile; fileRef = 928268FC2B13113700FB3E10 /* AppDelegate.m */; };
		928269002B13113700FB3E10 /* SceneDelegate.m in Sources */ = {isa = PBXBuildFile; fileRef = 928268FF2B13113700FB3E10 /* SceneDelegate.m */; };
		928269032B13113700FB3E10 /* ViewController.m in Sources */ = {isa = PBXBuildFile; fileRef = 928269022B13113700FB3E10 /* ViewController.m */; };
		928269062B13113700FB3E10 /* Main.storyboard in Resources */ = {isa = PBXBuildFile; fileRef = 928269042B13113700FB3E10 /* Main.storyboard */; };
		928269082B13113900FB3E10 /* Assets.xcassets in Resources */ = {isa = PBXBuildFile; fileRef = 928269072B13113900FB3E10 /* Assets.xcassets */; };
		9282690B2B13113900FB3E10 /* LaunchScreen.storyboard in Resources */ = {isa = PBXBuildFile; fileRef = 928269092B13113900FB3E10 /* LaunchScreen.storyboard */; };
		9282690E2B13113900FB3E10 /* main.m in Sources */ = {isa = PBXBuildFile; fileRef = 9282690D2B13113900FB3E10 /* main.m */; };
		9282691A2B13120F00FB3E10 /* fishhook.c in Sources */ = {isa = PBXBuildFile; fileRef = 928269152B13120D00FB3E10 /* fishhook.c */; };
		9282691B2B13120F00FB3E10 /* hookmsg.c in Sources */ = {isa = PBXBuildFile; fileRef = 928269172B13120D00FB3E10 /* hookmsg.c */; };
		9282691C2B13120F00FB3E10 /* Utils.m in Sources */ = {isa = PBXBuildFile; fileRef = 928269192B13120F00FB3E10 /* Utils.m */; };
		9282691F2B13129500FB3E10 /* backtraceManager.c in Sources */ = {isa = PBXBuildFile; fileRef = 9282691E2B13129500FB3E10 /* backtraceManager.c */; };
		928269222B13315B00FB3E10 /* LHMapViewController.m in Sources */ = {isa = PBXBuildFile; fileRef = 928269202B13315B00FB3E10 /* LHMapViewController.m */; };
/* End PBXBuildFile section */

/* Begin PBXFileReference section */
		928268F82B13113700FB3E10 /* ocdemo.app */ = {isa = PBXFileReference; explicitFileType = wrapper.application; includeInIndex = 0; path = ocdemo.app; sourceTree = BUILT_PRODUCTS_DIR; };
		928268FB2B13113700FB3E10 /* AppDelegate.h */ = {isa = PBXFileReference; lastKnownFileType = sourcecode.c.h; path = AppDelegate.h; sourceTree = "<group>"; };
		928268FC2B13113700FB3E10 /* AppDelegate.m */ = {isa = PBXFileReference; lastKnownFileType = sourcecode.c.objc; path = AppDelegate.m; sourceTree = "<group>"; };
		928268FE2B13113700FB3E10 /* SceneDelegate.h */ = {isa = PBXFileReference; lastKnownFileType = sourcecode.c.h; path = SceneDelegate.h; sourceTree = "<group>"; };
		928268FF2B13113700FB3E10 /* SceneDelegate.m */ = {isa = PBXFileReference; lastKnownFileType = sourcecode.c.objc; path = SceneDelegate.m; sourceTree = "<group>"; };
		928269012B13113700FB3E10 /* ViewController.h */ = {isa = PBXFileReference; lastKnownFileType = sourcecode.c.h; path = ViewController.h; sourceTree = "<group>"; };
		928269022B13113700FB3E10 /* ViewController.m */ = {isa = PBXFileReference; lastKnownFileType = sourcecode.c.objc; path = ViewController.m; sourceTree = "<group>"; };
		928269052B13113700FB3E10 /* Base */ = {isa = PBXFileReference; lastKnownFileType = file.storyboard; name = Base; path = Base.lproj/Main.storyboard; sourceTree = "<group>"; };
		928269072B13113900FB3E10 /* Assets.xcassets */ = {isa = PBXFileReference; lastKnownFileType = folder.assetcatalog; path = Assets.xcassets; sourceTree = "<group>"; };
		9282690A2B13113900FB3E10 /* Base */ = {isa = PBXFileReference; lastKnownFileType = file.storyboard; name = Base; path = Base.lproj/LaunchScreen.storyboard; sourceTree = "<group>"; };
		9282690C2B13113900FB3E10 /* Info.plist */ = {isa = PBXFileReference; lastKnownFileType = text.plist.xml; path = Info.plist; sourceTree = "<group>"; };
		9282690D2B13113900FB3E10 /* main.m */ = {isa = PBXFileReference; lastKnownFileType = sourcecode.c.objc; path = main.m; sourceTree = "<group>"; };
		928269152B13120D00FB3E10 /* fishhook.c */ = {isa = PBXFileReference; fileEncoding = 4; lastKnownFileType = sourcecode.c.c; path = fishhook.c; sourceTree = "<group>"; };
		928269162B13120D00FB3E10 /* fishhook.h */ = {isa = PBXFileReference; fileEncoding = 4; lastKnownFileType = sourcecode.c.h; path = fishhook.h; sourceTree = "<group>"; };
		928269172B13120D00FB3E10 /* hookmsg.c */ = {isa = PBXFileReference; fileEncoding = 4; lastKnownFileType = sourcecode.c.c; path = hookmsg.c; sourceTree = "<group>"; };
		928269182B13120E00FB3E10 /* hookmsg.h */ = {isa = PBXFileReference; fileEncoding = 4; lastKnownFileType = sourcecode.c.h; path = hookmsg.h; sourceTree = "<group>"; };
		928269192B13120F00FB3E10 /* Utils.m */ = {isa = PBXFileReference; fileEncoding = 4; lastKnownFileType = sourcecode.c.objc; path = Utils.m; sourceTree = "<group>"; };
		9282691D2B13129500FB3E10 /* backtraceManager.h */ = {isa = PBXFileReference; lastKnownFileType = sourcecode.c.h; path = backtraceManager.h; sourceTree = "<group>"; };
		9282691E2B13129500FB3E10 /* backtraceManager.c */ = {isa = PBXFileReference; lastKnownFileType = sourcecode.c.c; path = backtraceManager.c; sourceTree = "<group>"; };
		928269202B13315B00FB3E10 /* LHMapViewController.m */ = {isa = PBXFileReference; fileEncoding = 4; lastKnownFileType = sourcecode.c.objc; path = LHMapViewController.m; sourceTree = "<group>"; };
		928269212B13315B00FB3E10 /* LHMapViewController.h */ = {isa = PBXFileReference; fileEncoding = 4; lastKnownFileType = sourcecode.c.h; path = LHMapViewController.h; sourceTree = "<group>"; };
/* End PBXFileReference section */

/* Begin PBXFrameworksBuildPhase section */
		928268F52B13113700FB3E10 /* Frameworks */ = {
			isa = PBXFrameworksBuildPhase;
			buildActionMask = 2147483647;
			files = (
			);
			runOnlyForDeploymentPostprocessing = 0;
		};
/* End PBXFrameworksBuildPhase section */

/* Begin PBXGroup section */
		928268EF2B13113700FB3E10 = {
			isa = PBXGroup;
			children = (
				928268FA2B13113700FB3E10 /* ocdemo */,
				928268F92B13113700FB3E10 /* Products */,
			);
			sourceTree = "<group>";
		};
		928268F92B13113700FB3E10 /* Products */ = {
			isa = PBXGroup;
			children = (
				928268F82B13113700FB3E10 /* ocdemo.app */,
			);
			name = Products;
			sourceTree = "<group>";
		};
		928268FA2B13113700FB3E10 /* ocdemo */ = {
			isa = PBXGroup;
			children = (
				928269142B13120D00FB3E10 /* fishhook */,
				928269172B13120D00FB3E10 /* hookmsg.c */,
				928269182B13120E00FB3E10 /* hookmsg.h */,
				928269192B13120F00FB3E10 /* Utils.m */,
				928268FB2B13113700FB3E10 /* AppDelegate.h */,
				928268FC2B13113700FB3E10 /* AppDelegate.m */,
				928268FE2B13113700FB3E10 /* SceneDelegate.h */,
				928268FF2B13113700FB3E10 /* SceneDelegate.m */,
				928269012B13113700FB3E10 /* ViewController.h */,
				928269022B13113700FB3E10 /* ViewController.m */,
				928269042B13113700FB3E10 /* Main.storyboard */,
				928269072B13113900FB3E10 /* Assets.xcassets */,
				928269092B13113900FB3E10 /* LaunchScreen.storyboard */,
				9282690C2B13113900FB3E10 /* Info.plist */,
				9282690D2B13113900FB3E10 /* main.m */,
				9282691D2B13129500FB3E10 /* backtraceManager.h */,
				9282691E2B13129500FB3E10 /* backtraceManager.c */,
				928269212B13315B00FB3E10 /* LHMapViewController.h */,
				928269202B13315B00FB3E10 /* LHMapViewController.m */,
			);
			path = ocdemo;
			sourceTree = "<group>";
		};
		928269142B13120D00FB3E10 /* fishhook */ = {
			isa = PBXGroup;
			children = (
				928269152B13120D00FB3E10 /* fishhook.c */,
				928269162B13120D00FB3E10 /* fishhook.h */,
			);
			path = fishhook;
			sourceTree = "<group>";
		};
/* End PBXGroup section */

/* Begin PBXNativeTarget section */
		928268F72B13113700FB3E10 /* ocdemo */ = {
			isa = PBXNativeTarget;
			buildConfigurationList = 928269112B13113900FB3E10 /* Build configuration list for PBXNativeTarget "ocdemo" */;
			buildPhases = (
				928268F42B13113700FB3E10 /* Sources */,
				928268F52B13113700FB3E10 /* Frameworks */,
				928268F62B13113700FB3E10 /* Resources */,
			);
			buildRules = (
			);
			dependencies = (
			);
			name = ocdemo;
			productName = ocdemo;
			productReference = 928268F82B13113700FB3E10 /* ocdemo.app */;
			productType = "com.apple.product-type.application";
		};
/* End PBXNativeTarget section */

/* Begin PBXProject section */
		928268F02B13113700FB3E10 /* Project object */ = {
			isa = PBXProject;
			attributes = {
				BuildIndependentTargetsInParallel = 1;
				LastUpgradeCheck = 1320;
				TargetAttributes = {
					928268F72B13113700FB3E10 = {
						CreatedOnToolsVersion = 13.2.1;
					};
				};
			};
			buildConfigurationList = 928268F32B13113700FB3E10 /* Build configuration list for PBXProject "ocdemo" */;
			compatibilityVersion = "Xcode 13.0";
			developmentRegion = en;
			hasScannedForEncodings = 0;
			knownRegions = (
				en,
				Base,
			);
			mainGroup = 928268EF2B13113700FB3E10;
			productRefGroup = 928268F92B13113700FB3E10 /* Products */;
			projectDirPath = "";
			projectRoot = "";
			targets = (
				928268F72B13113700FB3E10 /* ocdemo */,
			);
		};
/* End PBXProject section */

/* Begin PBXResourcesBuildPhase section */
		928268F62B13113700FB3E10 /* Resources */ = {
			isa = PBXResourcesBuildPhase;
			buildActionMask = 2147483647;
			files = (
				9282690B2B13113900FB3E10 /* LaunchScreen.storyboard in Resources */,
				928269082B13113900FB3E10 /* Assets.xcassets in Resources */,
				928269062B13113700FB3E10 /* Main.storyboard in Resources */,
			);
			runOnlyForDeploymentPostprocessing = 0;
		};
/* End PBXResourcesBuildPhase section */

/* Begin PBXSourcesBuildPhase section */
		928268F42B13113700FB3E10 /* Sources */ = {
			isa = PBXSourcesBuildPhase;
			buildActionMask = 2147483647;
			files = (
				928269032B13113700FB3E10 /* ViewController.m in Sources */,
				9282691A2B13120F00FB3E10 /* fishhook.c in Sources */,
				928269222B13315B00FB3E10 /* LHMapViewController.m in Sources */,
				928268FD2B13113700FB3E10 /* AppDelegate.m in Sources */,
				9282690E2B13113900FB3E10 /* main.m in Sources */,
				9282691B2B13120F00FB3E10 /* hookmsg.c in Sources */,
				9282691C2B13120F00FB3E10 /* Utils.m in Sources */,
				9282691F2B13129500FB3E10 /* backtraceManager.c in Sources */,
				928269002B13113700FB3E10 /* SceneDelegate.m in Sources */,
			);
			runOnlyForDeploymentPostprocessing = 0;
		};
/* End PBXSourcesBuildPhase section */

/* Begin PBXVariantGroup section */
		928269042B13113700FB3E10 /* Main.storyboard */ = {
			isa = PBXVariantGroup;
			children = (
				928269052B13113700FB3E10 /* Base */,
			);
			name = Main.storyboard;
			sourceTree = "<group>";
		};
		928269092B13113900FB3E10 /* LaunchScreen.storyboard */ = {
			isa = PBXVariantGroup;
			children = (
				9282690A2B13113900FB3E10 /* Base */,
			);
			name = LaunchScreen.storyboard;
			sourceTree = "<group>";
		};
/* End PBXVariantGroup section */

/* Begin XCBuildConfiguration section */
		9282690F2B13113900FB3E10 /* Debug */ = {
			isa = XCBuildConfiguration;
			buildSettings = {
				ALWAYS_SEARCH_USER_PATHS = NO;
				CLANG_ANALYZER_NONNULL = YES;
				CLANG_ANALYZER_NUMBER_OBJECT_CONVERSION = YES_AGGRESSIVE;
				CLANG_CXX_LANGUAGE_STANDARD = "gnu++17";
				CLANG_CXX_LIBRARY = "libc++";
				CLANG_ENABLE_MODULES = YES;
				CLANG_ENABLE_OBJC_ARC = YES;
				CLANG_ENABLE_OBJC_WEAK = YES;
				CLANG_WARN_BLOCK_CAPTURE_AUTORELEASING = YES;
				CLANG_WARN_BOOL_CONVERSION = YES;
				CLANG_WARN_COMMA = YES;
				CLANG_WARN_CONSTANT_CONVERSION = YES;
				CLANG_WARN_DEPRECATED_OBJC_IMPLEMENTATIONS = YES;
				CLANG_WARN_DIRECT_OBJC_ISA_USAGE = YES_ERROR;
				CLANG_WARN_DOCUMENTATION_COMMENTS = YES;
				CLANG_WARN_EMPTY_BODY = YES;
				CLANG_WARN_ENUM_CONVERSION = YES;
				CLANG_WARN_INFINITE_RECURSION = YES;
				CLANG_WARN_INT_CONVERSION = YES;
				CLANG_WARN_NON_LITERAL_NULL_CONVERSION = YES;
				CLANG_WARN_OBJC_IMPLICIT_RETAIN_SELF = YES;
				CLANG_WARN_OBJC_LITERAL_CONVERSION = YES;
				CLANG_WARN_OBJC_ROOT_CLASS = YES_ERROR;
				CLANG_WARN_QUOTED_INCLUDE_IN_FRAMEWORK_HEADER = YES;
				CLANG_WARN_RANGE_LOOP_ANALYSIS = YES;
				CLANG_WARN_STRICT_PROTOTYPES = YES;
				CLANG_WARN_SUSPICIOUS_MOVE = YES;
				CLANG_WARN_UNGUARDED_AVAILABILITY = YES_AGGRESSIVE;
				CLANG_WARN_UNREACHABLE_CODE = YES;
				CLANG_WARN__DUPLICATE_METHOD_MATCH = YES;
				COPY_PHASE_STRIP = NO;
				DEBUG_INFORMATION_FORMAT = dwarf;
				ENABLE_STRICT_OBJC_MSGSEND = YES;
				ENABLE_TESTABILITY = YES;
				GCC_C_LANGUAGE_STANDARD = gnu11;
				GCC_DYNAMIC_NO_PIC = NO;
				GCC_NO_COMMON_BLOCKS = YES;
				GCC_OPTIMIZATION_LEVEL = 0;
				GCC_PREPROCESSOR_DEFINITIONS = (
					"DEBUG=1",
					"$(inherited)",
				);
				GCC_WARN_64_TO_32_BIT_CONVERSION = YES;
				GCC_WARN_ABOUT_RETURN_TYPE = YES_ERROR;
				GCC_WARN_UNDECLARED_SELECTOR = YES;
				GCC_WARN_UNINITIALIZED_AUTOS = YES_AGGRESSIVE;
				GCC_WARN_UNUSED_FUNCTION = YES;
				GCC_WARN_UNUSED_VARIABLE = YES;
				IPHONEOS_DEPLOYMENT_TARGET = 15.2;
				MTL_ENABLE_DEBUG_INFO = INCLUDE_SOURCE;
				MTL_FAST_MATH = YES;
				ONLY_ACTIVE_ARCH = YES;
				SDKROOT = iphoneos;
			};
			name = Debug;
		};
		928269102B13113900FB3E10 /* Release */ = {
			isa = XCBuildConfiguration;
			buildSettings = {
				ALWAYS_SEARCH_USER_PATHS = NO;
				CLANG_ANALYZER_NONNULL = YES;
				CLANG_ANALYZER_NUMBER_OBJECT_CONVERSION = YES_AGGRESSIVE;
				CLANG_CXX_LANGUAGE_STANDARD = "gnu++17";
				CLANG_CXX_LIBRARY = "libc++";
				CLANG_ENABLE_MODULES = YES;
				CLANG_ENABLE_OBJC_ARC = YES;
				CLANG_ENABLE_OBJC_WEAK = YES;
				CLANG_WARN_BLOCK_CAPTURE_AUTORELEASING = YES;
				CLANG_WARN_BOOL_CONVERSION = YES;
				CLANG_WARN_COMMA = YES;
				CLANG_WARN_CONSTANT_CONVERSION = YES;
				CLANG_WARN_DEPRECATED_OBJC_IMPLEMENTATIONS = YES;
				CLANG_WARN_DIRECT_OBJC_ISA_USAGE = YES_ERROR;
				CLANG_WARN_DOCUMENTATION_COMMENTS = YES;
				CLANG_WARN_EMPTY_BODY = YES;
				CLANG_WARN_ENUM_CONVERSION = YES;
				CLANG_WARN_INFINITE_RECURSION = YES;
				CLANG_WARN_INT_CONVERSION = YES;
				CLANG_WARN_NON_LITERAL_NULL_CONVERSION = YES;
				CLANG_WARN_OBJC_IMPLICIT_RETAIN_SELF = YES;
				CLANG_WARN_OBJC_LITERAL_CONVERSION = YES;
				CLANG_WARN_OBJC_ROOT_CLASS = YES_ERROR;
				CLANG_WARN_QUOTED_INCLUDE_IN_FRAMEWORK_HEADER = YES;
				CLANG_WARN_RANGE_LOOP_ANALYSIS = YES;
				CLANG_WARN_STRICT_PROTOTYPES = YES;
				CLANG_WARN_SUSPICIOUS_MOVE = YES;
				CLANG_WARN_UNGUARDED_AVAILABILITY = YES_AGGRESSIVE;
				CLANG_WARN_UNREACHABLE_CODE = YES;
				CLANG_WARN__DUPLICATE_METHOD_MATCH = YES;
				COPY_PHASE_STRIP = NO;
				DEBUG_INFORMATION_FORMAT = "dwarf-with-dsym";
				ENABLE_NS_ASSERTIONS = NO;
				ENABLE_STRICT_OBJC_MSGSEND = YES;
				GCC_C_LANGUAGE_STANDARD = gnu11;
				GCC_NO_COMMON_BLOCKS = YES;
				GCC_WARN_64_TO_32_BIT_CONVERSION = YES;
				GCC_WARN_ABOUT_RETURN_TYPE = YES_ERROR;
				GCC_WARN_UNDECLARED_SELECTOR = YES;
				GCC_WARN_UNINITIALIZED_AUTOS = YES_AGGRESSIVE;
				GCC_WARN_UNUSED_FUNCTION = YES;
				GCC_WARN_UNUSED_VARIABLE = YES;
				IPHONEOS_DEPLOYMENT_TARGET = 15.2;
				MTL_ENABLE_DEBUG_INFO = NO;
				MTL_FAST_MATH = YES;
				SDKROOT = iphoneos;
				VALIDATE_PRODUCT = YES;
			};
			name = Release;
		};
		928269122B13113900FB3E10 /* Debug */ = {
			isa = XCBuildConfiguration;
			buildSettings = {
				ASSETCATALOG_COMPILER_APPICON_NAME = AppIcon;
				ASSETCATALOG_COMPILER_GLOBAL_ACCENT_COLOR_NAME = AccentColor;
				CODE_SIGN_STYLE = Automatic;
				CURRENT_PROJECT_VERSION = 1;
				DEVELOPMENT_TEAM = 4SAW597S7M;
				GENERATE_INFOPLIST_FILE = YES;
				INFOPLIST_FILE = ocdemo/Info.plist;
				INFOPLIST_KEY_UIApplicationSupportsIndirectInputEvents = YES;
				INFOPLIST_KEY_UILaunchStoryboardName = LaunchScreen;
				INFOPLIST_KEY_UIMainStoryboardFile = Main;
				INFOPLIST_KEY_UISupportedInterfaceOrientations_iPad = "UIInterfaceOrientationPortrait UIInterfaceOrientationPortraitUpsideDown UIInterfaceOrientationLandscapeLeft UIInterfaceOrientationLandscapeRight";
				INFOPLIST_KEY_UISupportedInterfaceOrientations_iPhone = "UIInterfaceOrientationPortrait UIInterfaceOrientationLandscapeLeft UIInterfaceOrientationLandscapeRight";
				LD_RUNPATH_SEARCH_PATHS = (
					"$(inherited)",
					"@executable_path/Frameworks",
				);
				MARKETING_VERSION = 1.0;
				PRODUCT_BUNDLE_IDENTIFIER = com.zhenai.ocdemo;
				PRODUCT_NAME = "$(TARGET_NAME)";
				SWIFT_EMIT_LOC_STRINGS = YES;
				TARGETED_DEVICE_FAMILY = "1,2";
			};
			name = Debug;
		};
		928269132B13113900FB3E10 /* Release */ = {
			isa = XCBuildConfiguration;
			buildSettings = {
				ASSETCATALOG_COMPILER_APPICON_NAME = AppIcon;
				ASSETCATALOG_COMPILER_GLOBAL_ACCENT_COLOR_NAME = AccentColor;
				CODE_SIGN_STYLE = Automatic;
				CURRENT_PROJECT_VERSION = 1;
				DEVELOPMENT_TEAM = 4SAW597S7M;
				GENERATE_INFOPLIST_FILE = YES;
				INFOPLIST_FILE = ocdemo/Info.plist;
				INFOPLIST_KEY_UIApplicationSupportsIndirectInputEvents = YES;
				INFOPLIST_KEY_UILaunchStoryboardName = LaunchScreen;
				INFOPLIST_KEY_UIMainStoryboardFile = Main;
				INFOPLIST_KEY_UISupportedInterfaceOrientations_iPad = "UIInterfaceOrientationPortrait UIInterfaceOrientationPortraitUpsideDown UIInterfaceOrientationLandscapeLeft UIInterfaceOrientationLandscapeRight";
				INFOPLIST_KEY_UISupportedInterfaceOrientations_iPhone = "UIInterfaceOrientationPortrait UIInterfaceOrientationLandscapeLeft UIInterfaceOrientationLandscapeRight";
				LD_RUNPATH_SEARCH_PATHS = (
					"$(inherited)",
					"@executable_path/Frameworks",
				);
				MARKETING_VERSION = 1.0;
				PRODUCT_BUNDLE_IDENTIFIER = com.zhenai.ocdemo;
				PRODUCT_NAME = "$(TARGET_NAME)";
				SWIFT_EMIT_LOC_STRINGS = YES;
				TARGETED_DEVICE_FAMILY = "1,2";
			};
			name = Release;
		};
/* End XCBuildConfiguration section */

/* Begin XCConfigurationList section */
		928268F32B13113700FB3E10 /* Build configuration list for PBXProject "ocdemo" */ = {
			isa = XCConfigurationList;
			buildConfigurations = (
				9282690F2B13113900FB3E10 /* Debug */,
				928269102B13113900FB3E10 /* Release */,
			);
			defaultConfigurationIsVisible = 0;
			defaultConfigurationName = Release;
		};
		928269112B13113900FB3E10 /* Build configuration list for PBXNativeTarget "ocdemo" */ = {
			isa = XCConfigurationList;
			buildConfigurations = (
				928269122B13113900FB3E10 /* Debug */,
				928269132B13113900FB3E10 /* Release */,
			);
			defaultConfigurationIsVisible = 0;
			defaultConfigurationName = Release;
		};
/* End XCConfigurationList section */
	};
	rootObject = 928268F02B13113700FB3E10 /* Project object */;
}
