// !$*UTF8*$!
{
	archiveVersion = 1;
	classes = {
	};
	objectVersion = 56;
	objects = {

/* Begin PBXBuildFile section */
		AE6D8450EF77EFF40E729C20 /* libPods-ocdemo.a in Frameworks */ = {isa = PBXBuildFile; fileRef = 8A02009A040CEF609F89ECA3 /* libPods-ocdemo.a */; };
		BE6B0C9029ED385A00EE6D15 /* ViewController.m in Sources */ = {isa = PBXBuildFile; fileRef = BE6B0C8F29ED385A00EE6D15 /* ViewController.m */; };
		BE6B0C9329EE510500EE6D15 /* Teacher.cpp in Sources */ = {isa = PBXBuildFile; fileRef = BE6B0C9129EE510500EE6D15 /* Teacher.cpp */; };
		BE6D100A2A4A8C7000363FEE /* CTDisplayView.m in Sources */ = {isa = PBXBuildFile; fileRef = BE6D10092A4A8C7000363FEE /* CTDisplayView.m */; };
		BE7D50DA2B05BE990087F4EF /* TestB.m in Sources */ = {isa = PBXBuildFile; fileRef = BE7D50D92B05BE990087F4EF /* TestB.m */; };
		BE7D51B82B0B66EF0087F4EF /* LHMapViewController.m in Sources */ = {isa = PBXBuildFile; fileRef = BE7D51B72B0B66EF0087F4EF /* LHMapViewController.m */; };
		BE8EE1302A20976600CB3576 /* zalive_link_mic_guide_animation.gif in Resources */ = {isa = PBXBuildFile; fileRef = BE8EE12F2A20976600CB3576 /* zalive_link_mic_guide_animation.gif */; };
		BE97C9E32A677E110075F2AE /* SunnyInterview.m in Sources */ = {isa = PBXBuildFile; fileRef = BE97C9E22A677E110075F2AE /* SunnyInterview.m */; };
		BEA2FE0F2A721FA200EC7482 /* SwizzlesProblem.m in Sources */ = {isa = PBXBuildFile; fileRef = BEA2FE0E2A721FA200EC7482 /* SwizzlesProblem.m */; };
		BEA2FE122A7265F200EC7482 /* TestMemory.m in Sources */ = {isa = PBXBuildFile; fileRef = BEA2FE112A7265F200EC7482 /* TestMemory.m */; };
		BEB0FB3429B5E7C30084F7EC /* AppDelegate.m in Sources */ = {isa = PBXBuildFile; fileRef = BEB0FB3329B5E7C30084F7EC /* AppDelegate.m */; };
		BEB0FB3D29B5E7C30084F7EC /* Main.storyboard in Resources */ = {isa = PBXBuildFile; fileRef = BEB0FB3B29B5E7C30084F7EC /* Main.storyboard */; };
		BEB0FB3F29B5E7C40084F7EC /* Assets.xcassets in Resources */ = {isa = PBXBuildFile; fileRef = BEB0FB3E29B5E7C40084F7EC /* Assets.xcassets */; };
		BEB0FB4229B5E7C40084F7EC /* LaunchScreen.storyboard in Resources */ = {isa = PBXBuildFile; fileRef = BEB0FB4029B5E7C40084F7EC /* LaunchScreen.storyboard */; };
		BEB0FB4529B5E7C40084F7EC /* main.mm in Sources */ = {isa = PBXBuildFile; fileRef = BEB0FB4429B5E7C40084F7EC /* main.mm */; };
		BEC393A72B10A44800A807B0 /* fishhook.c in Sources */ = {isa = PBXBuildFile; fileRef = BEC393A32B10A44800A807B0 /* fishhook.c */; };
		BEC393A82B10A44800A807B0 /* hookmsg.c in Sources */ = {isa = PBXBuildFile; fileRef = BEC393A62B10A44800A807B0 /* hookmsg.c */; };
		BEC393AA2B11A7E000A807B0 /* Utils.m in Sources */ = {isa = PBXBuildFile; fileRef = BEC393A92B11A7E000A807B0 /* Utils.m */; };
		BEC393AD2B11EA6400A807B0 /* mmap_example.c in Sources */ = {isa = PBXBuildFile; fileRef = BEC393AC2B11EA6400A807B0 /* mmap_example.c */; };
/* End PBXBuildFile section */

/* Begin PBXFileReference section */
		3D50DB9F4A675F8354083FA3 /* Pods-ocdemo.release.xcconfig */ = {isa = PBXFileReference; includeInIndex = 1; lastKnownFileType = text.xcconfig; name = "Pods-ocdemo.release.xcconfig"; path = "Target Support Files/Pods-ocdemo/Pods-ocdemo.release.xcconfig"; sourceTree = "<group>"; };
		8A02009A040CEF609F89ECA3 /* libPods-ocdemo.a */ = {isa = PBXFileReference; explicitFileType = archive.ar; includeInIndex = 0; path = "libPods-ocdemo.a"; sourceTree = BUILT_PRODUCTS_DIR; };
		BE6B0C8F29ED385A00EE6D15 /* ViewController.m */ = {isa = PBXFileReference; fileEncoding = 4; lastKnownFileType = sourcecode.c.objc; path = ViewController.m; sourceTree = "<group>"; };
		BE6B0C9129EE510500EE6D15 /* Teacher.cpp */ = {isa = PBXFileReference; lastKnownFileType = sourcecode.cpp.cpp; path = Teacher.cpp; sourceTree = "<group>"; };
		BE6B0C9229EE510500EE6D15 /* Teacher.hpp */ = {isa = PBXFileReference; lastKnownFileType = sourcecode.cpp.h; path = Teacher.hpp; sourceTree = "<group>"; };
		BE6D10082A4A8C7000363FEE /* CTDisplayView.h */ = {isa = PBXFileReference; lastKnownFileType = sourcecode.c.h; path = CTDisplayView.h; sourceTree = "<group>"; };
		BE6D10092A4A8C7000363FEE /* CTDisplayView.m */ = {isa = PBXFileReference; lastKnownFileType = sourcecode.c.objc; path = CTDisplayView.m; sourceTree = "<group>"; };
		BE7D50D82B05BE990087F4EF /* TestB.h */ = {isa = PBXFileReference; lastKnownFileType = sourcecode.c.h; path = TestB.h; sourceTree = "<group>"; };
		BE7D50D92B05BE990087F4EF /* TestB.m */ = {isa = PBXFileReference; lastKnownFileType = sourcecode.c.objc; path = TestB.m; sourceTree = "<group>"; };
		BE7D50DB2B0AF8460087F4EF /* ocdemo.entitlements */ = {isa = PBXFileReference; lastKnownFileType = text.plist.entitlements; path = ocdemo.entitlements; sourceTree = "<group>"; };
		BE7D51B62B0B66EF0087F4EF /* LHMapViewController.h */ = {isa = PBXFileReference; lastKnownFileType = sourcecode.c.h; path = LHMapViewController.h; sourceTree = "<group>"; };
		BE7D51B72B0B66EF0087F4EF /* LHMapViewController.m */ = {isa = PBXFileReference; lastKnownFileType = sourcecode.c.objc; path = LHMapViewController.m; sourceTree = "<group>"; };
		BE8EE12F2A20976600CB3576 /* zalive_link_mic_guide_animation.gif */ = {isa = PBXFileReference; lastKnownFileType = image.gif; path = zalive_link_mic_guide_animation.gif; sourceTree = "<group>"; };
		BE97C9E12A677E110075F2AE /* SunnyInterview.h */ = {isa = PBXFileReference; lastKnownFileType = sourcecode.c.h; path = SunnyInterview.h; sourceTree = "<group>"; };
		BE97C9E22A677E110075F2AE /* SunnyInterview.m */ = {isa = PBXFileReference; lastKnownFileType = sourcecode.c.objc; path = SunnyInterview.m; sourceTree = "<group>"; };
		BEA2FE0D2A721FA200EC7482 /* SwizzlesProblem.h */ = {isa = PBXFileReference; lastKnownFileType = sourcecode.c.h; path = SwizzlesProblem.h; sourceTree = "<group>"; };
		BEA2FE0E2A721FA200EC7482 /* SwizzlesProblem.m */ = {isa = PBXFileReference; lastKnownFileType = sourcecode.c.objc; path = SwizzlesProblem.m; sourceTree = "<group>"; };
		BEA2FE102A7265F200EC7482 /* TestMemory.h */ = {isa = PBXFileReference; lastKnownFileType = sourcecode.c.h; path = TestMemory.h; sourceTree = "<group>"; };
		BEA2FE112A7265F200EC7482 /* TestMemory.m */ = {isa = PBXFileReference; lastKnownFileType = sourcecode.c.objc; path = TestMemory.m; sourceTree = "<group>"; };
		BEB0FB2F29B5E7C30084F7EC /* ocdemo.app */ = {isa = PBXFileReference; explicitFileType = wrapper.application; includeInIndex = 0; path = ocdemo.app; sourceTree = BUILT_PRODUCTS_DIR; };
		BEB0FB3229B5E7C30084F7EC /* AppDelegate.h */ = {isa = PBXFileReference; lastKnownFileType = sourcecode.c.h; path = AppDelegate.h; sourceTree = "<group>"; };
		BEB0FB3329B5E7C30084F7EC /* AppDelegate.m */ = {isa = PBXFileReference; lastKnownFileType = sourcecode.c.objc; path = AppDelegate.m; sourceTree = "<group>"; };
		BEB0FB3829B5E7C30084F7EC /* ViewController.h */ = {isa = PBXFileReference; lastKnownFileType = sourcecode.c.h; path = ViewController.h; sourceTree = "<group>"; };
		BEB0FB3C29B5E7C30084F7EC /* Base */ = {isa = PBXFileReference; lastKnownFileType = file.storyboard; name = Base; path = Base.lproj/Main.storyboard; sourceTree = "<group>"; };
		BEB0FB3E29B5E7C40084F7EC /* Assets.xcassets */ = {isa = PBXFileReference; lastKnownFileType = folder.assetcatalog; path = Assets.xcassets; sourceTree = "<group>"; };
		BEB0FB4129B5E7C40084F7EC /* Base */ = {isa = PBXFileReference; lastKnownFileType = file.storyboard; name = Base; path = Base.lproj/LaunchScreen.storyboard; sourceTree = "<group>"; };
		BEB0FB4329B5E7C40084F7EC /* Info.plist */ = {isa = PBXFileReference; lastKnownFileType = text.plist.xml; path = Info.plist; sourceTree = "<group>"; };
		BEB0FB4429B5E7C40084F7EC /* main.mm */ = {isa = PBXFileReference; lastKnownFileType = sourcecode.cpp.objcpp; path = main.mm; sourceTree = "<group>"; };
		BEC393A32B10A44800A807B0 /* fishhook.c */ = {isa = PBXFileReference; fileEncoding = 4; lastKnownFileType = sourcecode.c.c; path = fishhook.c; sourceTree = "<group>"; };
		BEC393A42B10A44800A807B0 /* fishhook.h */ = {isa = PBXFileReference; fileEncoding = 4; lastKnownFileType = sourcecode.c.h; path = fishhook.h; sourceTree = "<group>"; };
		BEC393A52B10A44800A807B0 /* hookmsg.h */ = {isa = PBXFileReference; fileEncoding = 4; lastKnownFileType = sourcecode.c.h; path = hookmsg.h; sourceTree = "<group>"; };
		BEC393A62B10A44800A807B0 /* hookmsg.c */ = {isa = PBXFileReference; fileEncoding = 4; lastKnownFileType = sourcecode.c.c; path = hookmsg.c; sourceTree = "<group>"; };
		BEC393A92B11A7E000A807B0 /* Utils.m */ = {isa = PBXFileReference; lastKnownFileType = sourcecode.c.objc; path = Utils.m; sourceTree = "<group>"; };
		BEC393AB2B11EA6400A807B0 /* mmap_example.h */ = {isa = PBXFileReference; lastKnownFileType = sourcecode.c.h; path = mmap_example.h; sourceTree = "<group>"; };
		BEC393AC2B11EA6400A807B0 /* mmap_example.c */ = {isa = PBXFileReference; lastKnownFileType = sourcecode.c.c; path = mmap_example.c; sourceTree = "<group>"; };
		C6C0BE24F5795E6B858F7AB1 /* Pods-ocdemo.debug.xcconfig */ = {isa = PBXFileReference; includeInIndex = 1; lastKnownFileType = text.xcconfig; name = "Pods-ocdemo.debug.xcconfig"; path = "Target Support Files/Pods-ocdemo/Pods-ocdemo.debug.xcconfig"; sourceTree = "<group>"; };
/* End PBXFileReference section */

/* Begin PBXFrameworksBuildPhase section */
		BEB0FB2C29B5E7C30084F7EC /* Frameworks */ = {
			isa = PBXFrameworksBuildPhase;
			buildActionMask = 2147483647;
			files = (
				AE6D8450EF77EFF40E729C20 /* libPods-ocdemo.a in Frameworks */,
			);
			runOnlyForDeploymentPostprocessing = 0;
		};
/* End PBXFrameworksBuildPhase section */

/* Begin PBXGroup section */
		2E23B4441EC0DC4B6490225E /* Frameworks */ = {
			isa = PBXGroup;
			children = (
				8A02009A040CEF609F89ECA3 /* libPods-ocdemo.a */,
			);
			name = Frameworks;
			sourceTree = "<group>";
		};
		808A5223C6BFD2E009A71E07 /* Pods */ = {
			isa = PBXGroup;
			children = (
				C6C0BE24F5795E6B858F7AB1 /* Pods-ocdemo.debug.xcconfig */,
				3D50DB9F4A675F8354083FA3 /* Pods-ocdemo.release.xcconfig */,
			);
			path = Pods;
			sourceTree = "<group>";
		};
		BEB0FB2629B5E7C30084F7EC = {
			isa = PBXGroup;
			children = (
				BEB0FB3129B5E7C30084F7EC /* ocdemo */,
				BEB0FB3029B5E7C30084F7EC /* Products */,
				808A5223C6BFD2E009A71E07 /* Pods */,
				2E23B4441EC0DC4B6490225E /* Frameworks */,
			);
			sourceTree = "<group>";
		};
		BEB0FB3029B5E7C30084F7EC /* Products */ = {
			isa = PBXGroup;
			children = (
				BEB0FB2F29B5E7C30084F7EC /* ocdemo.app */,
			);
			name = Products;
			sourceTree = "<group>";
		};
		BEB0FB3129B5E7C30084F7EC /* ocdemo */ = {
			isa = PBXGroup;
			children = (
				BEC393A22B10A44800A807B0 /* fishhook */,
				BEC393A62B10A44800A807B0 /* hookmsg.c */,
				BEC393A52B10A44800A807B0 /* hookmsg.h */,
				BEC393A92B11A7E000A807B0 /* Utils.m */,
				BE7D50DB2B0AF8460087F4EF /* ocdemo.entitlements */,
				BEB0FB3229B5E7C30084F7EC /* AppDelegate.h */,
				BEB0FB3329B5E7C30084F7EC /* AppDelegate.m */,
				BEB0FB3829B5E7C30084F7EC /* ViewController.h */,
				BE6B0C8F29ED385A00EE6D15 /* ViewController.m */,
				BEB0FB3B29B5E7C30084F7EC /* Main.storyboard */,
				BEB0FB3E29B5E7C40084F7EC /* Assets.xcassets */,
				BE8EE12F2A20976600CB3576 /* zalive_link_mic_guide_animation.gif */,
				BEB0FB4029B5E7C40084F7EC /* LaunchScreen.storyboard */,
				BEB0FB4329B5E7C40084F7EC /* Info.plist */,
				BEB0FB4429B5E7C40084F7EC /* main.mm */,
				BE6B0C9129EE510500EE6D15 /* Teacher.cpp */,
				BE6B0C9229EE510500EE6D15 /* Teacher.hpp */,
				BE6D10082A4A8C7000363FEE /* CTDisplayView.h */,
				BE6D10092A4A8C7000363FEE /* CTDisplayView.m */,
				BE97C9E12A677E110075F2AE /* SunnyInterview.h */,
				BE97C9E22A677E110075F2AE /* SunnyInterview.m */,
				BEA2FE0D2A721FA200EC7482 /* SwizzlesProblem.h */,
				BEA2FE0E2A721FA200EC7482 /* SwizzlesProblem.m */,
				BEA2FE102A7265F200EC7482 /* TestMemory.h */,
				BEA2FE112A7265F200EC7482 /* TestMemory.m */,
				BE7D50D82B05BE990087F4EF /* TestB.h */,
				BE7D50D92B05BE990087F4EF /* TestB.m */,
				BE7D51B62B0B66EF0087F4EF /* LHMapViewController.h */,
				BE7D51B72B0B66EF0087F4EF /* LHMapViewController.m */,
				BEC393AB2B11EA6400A807B0 /* mmap_example.h */,
				BEC393AC2B11EA6400A807B0 /* mmap_example.c */,
			);
			path = ocdemo;
			sourceTree = "<group>";
		};
		BEC393A22B10A44800A807B0 /* fishhook */ = {
			isa = PBXGroup;
			children = (
				BEC393A32B10A44800A807B0 /* fishhook.c */,
				BEC393A42B10A44800A807B0 /* fishhook.h */,
			);
			path = fishhook;
			sourceTree = "<group>";
		};
/* End PBXGroup section */

/* Begin PBXNativeTarget section */
		BEB0FB2E29B5E7C30084F7EC /* ocdemo */ = {
			isa = PBXNativeTarget;
			buildConfigurationList = BEB0FB4829B5E7C40084F7EC /* Build configuration list for PBXNativeTarget "ocdemo" */;
			buildPhases = (
				A9A52248C0A8ED5C4471AC1B /* [CP] Check Pods Manifest.lock */,
				BEB0FB2B29B5E7C30084F7EC /* Sources */,
				BEB0FB2C29B5E7C30084F7EC /* Frameworks */,
				BEB0FB2D29B5E7C30084F7EC /* Resources */,
				40284359F1D955DE9C3B86E2 /* [CP] Copy Pods Resources */,
			);
			buildRules = (
			);
			dependencies = (
			);
			name = ocdemo;
			productName = ocdemo;
			productReference = BEB0FB2F29B5E7C30084F7EC /* ocdemo.app */;
			productType = "com.apple.product-type.application";
		};
/* End PBXNativeTarget section */

/* Begin PBXProject section */
		BEB0FB2729B5E7C30084F7EC /* Project object */ = {
			isa = PBXProject;
			attributes = {
				BuildIndependentTargetsInParallel = 1;
				LastUpgradeCheck = 1410;
				TargetAttributes = {
					BEB0FB2E29B5E7C30084F7EC = {
						CreatedOnToolsVersion = 14.1;
					};
				};
			};
			buildConfigurationList = BEB0FB2A29B5E7C30084F7EC /* Build configuration list for PBXProject "ocdemo" */;
			compatibilityVersion = "Xcode 14.0";
			developmentRegion = en;
			hasScannedForEncodings = 0;
			knownRegions = (
				en,
				Base,
			);
			mainGroup = BEB0FB2629B5E7C30084F7EC;
			productRefGroup = BEB0FB3029B5E7C30084F7EC /* Products */;
			projectDirPath = "";
			projectRoot = "";
			targets = (
				BEB0FB2E29B5E7C30084F7EC /* ocdemo */,
			);
		};
/* End PBXProject section */

/* Begin PBXResourcesBuildPhase section */
		BEB0FB2D29B5E7C30084F7EC /* Resources */ = {
			isa = PBXResourcesBuildPhase;
			buildActionMask = 2147483647;
			files = (
				BEB0FB4229B5E7C40084F7EC /* LaunchScreen.storyboard in Resources */,
				BEB0FB3F29B5E7C40084F7EC /* Assets.xcassets in Resources */,
				BEB0FB3D29B5E7C30084F7EC /* Main.storyboard in Resources */,
				BE8EE1302A20976600CB3576 /* zalive_link_mic_guide_animation.gif in Resources */,
			);
			runOnlyForDeploymentPostprocessing = 0;
		};
/* End PBXResourcesBuildPhase section */

/* Begin PBXShellScriptBuildPhase section */
		40284359F1D955DE9C3B86E2 /* [CP] Copy Pods Resources */ = {
			isa = PBXShellScriptBuildPhase;
			buildActionMask = 2147483647;
			files = (
			);
			inputFileListPaths = (
				"${PODS_ROOT}/Target Support Files/Pods-ocdemo/Pods-ocdemo-resources-${CONFIGURATION}-input-files.xcfilelist",
			);
			name = "[CP] Copy Pods Resources";
			outputFileListPaths = (
				"${PODS_ROOT}/Target Support Files/Pods-ocdemo/Pods-ocdemo-resources-${CONFIGURATION}-output-files.xcfilelist",
			);
			runOnlyForDeploymentPostprocessing = 0;
			shellPath = /bin/sh;
			shellScript = "\"${PODS_ROOT}/Target Support Files/Pods-ocdemo/Pods-ocdemo-resources.sh\"\n";
			showEnvVarsInLog = 0;
		};
		A9A52248C0A8ED5C4471AC1B /* [CP] Check Pods Manifest.lock */ = {
			isa = PBXShellScriptBuildPhase;
			buildActionMask = 2147483647;
			files = (
			);
			inputFileListPaths = (
			);
			inputPaths = (
				"${PODS_PODFILE_DIR_PATH}/Podfile.lock",
				"${PODS_ROOT}/Manifest.lock",
			);
			name = "[CP] Check Pods Manifest.lock";
			outputFileListPaths = (
			);
			outputPaths = (
				"$(DERIVED_FILE_DIR)/Pods-ocdemo-checkManifestLockResult.txt",
			);
			runOnlyForDeploymentPostprocessing = 0;
			shellPath = /bin/sh;
			shellScript = "diff \"${PODS_PODFILE_DIR_PATH}/Podfile.lock\" \"${PODS_ROOT}/Manifest.lock\" > /dev/null\nif [ $? != 0 ] ; then\n    # print error to STDERR\n    echo \"error: The sandbox is not in sync with the Podfile.lock. Run 'pod install' or update your CocoaPods installation.\" >&2\n    exit 1\nfi\n# This output is used by Xcode 'outputs' to avoid re-running this script phase.\necho \"SUCCESS\" > \"${SCRIPT_OUTPUT_FILE_0}\"\n";
			showEnvVarsInLog = 0;
		};
/* End PBXShellScriptBuildPhase section */

/* Begin PBXSourcesBuildPhase section */
		BEB0FB2B29B5E7C30084F7EC /* Sources */ = {
			isa = PBXSourcesBuildPhase;
			buildActionMask = 2147483647;
			files = (
				BEC393A82B10A44800A807B0 /* hookmsg.c in Sources */,
				BEA2FE0F2A721FA200EC7482 /* SwizzlesProblem.m in Sources */,
				BE7D51B82B0B66EF0087F4EF /* LHMapViewController.m in Sources */,
				BE6B0C9329EE510500EE6D15 /* Teacher.cpp in Sources */,
				BEB0FB3429B5E7C30084F7EC /* AppDelegate.m in Sources */,
				BEC393AA2B11A7E000A807B0 /* Utils.m in Sources */,
				BEB0FB4529B5E7C40084F7EC /* main.mm in Sources */,
				BE6B0C9029ED385A00EE6D15 /* ViewController.m in Sources */,
				BE7D50DA2B05BE990087F4EF /* TestB.m in Sources */,
				BEA2FE122A7265F200EC7482 /* TestMemory.m in Sources */,
				BE97C9E32A677E110075F2AE /* SunnyInterview.m in Sources */,
				BEC393AD2B11EA6400A807B0 /* mmap_example.c in Sources */,
				BE6D100A2A4A8C7000363FEE /* CTDisplayView.m in Sources */,
				BEC393A72B10A44800A807B0 /* fishhook.c in Sources */,
			);
			runOnlyForDeploymentPostprocessing = 0;
		};
/* End PBXSourcesBuildPhase section */

/* Begin PBXVariantGroup section */
		BEB0FB3B29B5E7C30084F7EC /* Main.storyboard */ = {
			isa = PBXVariantGroup;
			children = (
				BEB0FB3C29B5E7C30084F7EC /* Base */,
			);
			name = Main.storyboard;
			sourceTree = "<group>";
		};
		BEB0FB4029B5E7C40084F7EC /* LaunchScreen.storyboard */ = {
			isa = PBXVariantGroup;
			children = (
				BEB0FB4129B5E7C40084F7EC /* Base */,
			);
			name = LaunchScreen.storyboard;
			sourceTree = "<group>";
		};
/* End PBXVariantGroup section */

/* Begin XCBuildConfiguration section */
		BEB0FB4629B5E7C40084F7EC /* Debug */ = {
			isa = XCBuildConfiguration;
			buildSettings = {
				ALWAYS_SEARCH_USER_PATHS = NO;
				CLANG_ANALYZER_NONNULL = YES;
				CLANG_ANALYZER_NUMBER_OBJECT_CONVERSION = YES_AGGRESSIVE;
				CLANG_CXX_LANGUAGE_STANDARD = "gnu++20";
				CLANG_ENABLE_MODULES = YES;
				CLANG_ENABLE_OBJC_ARC = YES;
				CLANG_ENABLE_OBJC_WEAK = YES;
				CLANG_WARN_BLOCK_CAPTURE_AUTORELEASING = YES;
				CLANG_WARN_BOOL_CONVERSION = YES;
				CLANG_WARN_COMMA = YES;
				CLANG_WARN_CONSTANT_CONVERSION = YES;
				CLANG_WARN_DEPRECATED_OBJC_IMPLEMENTATIONS = YES;
				CLANG_WARN_DIRECT_OBJC_ISA_USAGE = YES_ERROR;
				CLANG_WARN_DOCUMENTATION_COMMENTS = YES;
				CLANG_WARN_EMPTY_BODY = YES;
				CLANG_WARN_ENUM_CONVERSION = YES;
				CLANG_WARN_INFINITE_RECURSION = YES;
				CLANG_WARN_INT_CONVERSION = YES;
				CLANG_WARN_NON_LITERAL_NULL_CONVERSION = YES;
				CLANG_WARN_OBJC_IMPLICIT_RETAIN_SELF = YES;
				CLANG_WARN_OBJC_LITERAL_CONVERSION = YES;
				CLANG_WARN_OBJC_ROOT_CLASS = YES_ERROR;
				CLANG_WARN_QUOTED_INCLUDE_IN_FRAMEWORK_HEADER = YES;
				CLANG_WARN_RANGE_LOOP_ANALYSIS = YES;
				CLANG_WARN_STRICT_PROTOTYPES = YES;
				CLANG_WARN_SUSPICIOUS_MOVE = YES;
				CLANG_WARN_UNGUARDED_AVAILABILITY = YES_AGGRESSIVE;
				CLANG_WARN_UNREACHABLE_CODE = YES;
				CLANG_WARN__DUPLICATE_METHOD_MATCH = YES;
				COPY_PHASE_STRIP = NO;
				DEBUG_INFORMATION_FORMAT = dwarf;
				ENABLE_STRICT_OBJC_MSGSEND = YES;
				ENABLE_TESTABILITY = YES;
				GCC_C_LANGUAGE_STANDARD = gnu11;
				GCC_DYNAMIC_NO_PIC = NO;
				GCC_NO_COMMON_BLOCKS = YES;
				GCC_OPTIMIZATION_LEVEL = 0;
				GCC_PREPROCESSOR_DEFINITIONS = (
					"DEBUG=1",
					"$(inherited)",
				);
				GCC_WARN_64_TO_32_BIT_CONVERSION = YES;
				GCC_WARN_ABOUT_RETURN_TYPE = YES_ERROR;
				GCC_WARN_UNDECLARED_SELECTOR = YES;
				GCC_WARN_UNINITIALIZED_AUTOS = YES_AGGRESSIVE;
				GCC_WARN_UNUSED_FUNCTION = YES;
				GCC_WARN_UNUSED_VARIABLE = YES;
				IPHONEOS_DEPLOYMENT_TARGET = 16.1;
				MTL_ENABLE_DEBUG_INFO = INCLUDE_SOURCE;
				MTL_FAST_MATH = YES;
				ONLY_ACTIVE_ARCH = YES;
				SDKROOT = iphoneos;
			};
			name = Debug;
		};
		BEB0FB4729B5E7C40084F7EC /* Release */ = {
			isa = XCBuildConfiguration;
			buildSettings = {
				ALWAYS_SEARCH_USER_PATHS = NO;
				CLANG_ANALYZER_NONNULL = YES;
				CLANG_ANALYZER_NUMBER_OBJECT_CONVERSION = YES_AGGRESSIVE;
				CLANG_CXX_LANGUAGE_STANDARD = "gnu++20";
				CLANG_ENABLE_MODULES = YES;
				CLANG_ENABLE_OBJC_ARC = YES;
				CLANG_ENABLE_OBJC_WEAK = YES;
				CLANG_WARN_BLOCK_CAPTURE_AUTORELEASING = YES;
				CLANG_WARN_BOOL_CONVERSION = YES;
				CLANG_WARN_COMMA = YES;
				CLANG_WARN_CONSTANT_CONVERSION = YES;
				CLANG_WARN_DEPRECATED_OBJC_IMPLEMENTATIONS = YES;
				CLANG_WARN_DIRECT_OBJC_ISA_USAGE = YES_ERROR;
				CLANG_WARN_DOCUMENTATION_COMMENTS = YES;
				CLANG_WARN_EMPTY_BODY = YES;
				CLANG_WARN_ENUM_CONVERSION = YES;
				CLANG_WARN_INFINITE_RECURSION = YES;
				CLANG_WARN_INT_CONVERSION = YES;
				CLANG_WARN_NON_LITERAL_NULL_CONVERSION = YES;
				CLANG_WARN_OBJC_IMPLICIT_RETAIN_SELF = YES;
				CLANG_WARN_OBJC_LITERAL_CONVERSION = YES;
				CLANG_WARN_OBJC_ROOT_CLASS = YES_ERROR;
				CLANG_WARN_QUOTED_INCLUDE_IN_FRAMEWORK_HEADER = YES;
				CLANG_WARN_RANGE_LOOP_ANALYSIS = YES;
				CLANG_WARN_STRICT_PROTOTYPES = YES;
				CLANG_WARN_SUSPICIOUS_MOVE = YES;
				CLANG_WARN_UNGUARDED_AVAILABILITY = YES_AGGRESSIVE;
				CLANG_WARN_UNREACHABLE_CODE = YES;
				CLANG_WARN__DUPLICATE_METHOD_MATCH = YES;
				COPY_PHASE_STRIP = NO;
				DEBUG_INFORMATION_FORMAT = "dwarf-with-dsym";
				ENABLE_NS_ASSERTIONS = NO;
				ENABLE_STRICT_OBJC_MSGSEND = YES;
				GCC_C_LANGUAGE_STANDARD = gnu11;
				GCC_NO_COMMON_BLOCKS = YES;
				GCC_WARN_64_TO_32_BIT_CONVERSION = YES;
				GCC_WARN_ABOUT_RETURN_TYPE = YES_ERROR;
				GCC_WARN_UNDECLARED_SELECTOR = YES;
				GCC_WARN_UNINITIALIZED_AUTOS = YES_AGGRESSIVE;
				GCC_WARN_UNUSED_FUNCTION = YES;
				GCC_WARN_UNUSED_VARIABLE = YES;
				IPHONEOS_DEPLOYMENT_TARGET = 16.1;
				MTL_ENABLE_DEBUG_INFO = NO;
				MTL_FAST_MATH = YES;
				SDKROOT = iphoneos;
				VALIDATE_PRODUCT = YES;
			};
			name = Release;
		};
		BEB0FB4929B5E7C40084F7EC /* Debug */ = {
			isa = XCBuildConfiguration;
			baseConfigurationReference = C6C0BE24F5795E6B858F7AB1 /* Pods-ocdemo.debug.xcconfig */;
			buildSettings = {
				ASSETCATALOG_COMPILER_APPICON_NAME = AppIcon;
				ASSETCATALOG_COMPILER_GLOBAL_ACCENT_COLOR_NAME = AccentColor;
				CODE_SIGN_ENTITLEMENTS = ocdemo/ocdemo.entitlements;
				CODE_SIGN_STYLE = Automatic;
				CURRENT_PROJECT_VERSION = 1;
				DEVELOPMENT_TEAM = 4SAW597S7M;
				GENERATE_INFOPLIST_FILE = YES;
				INFOPLIST_FILE = ocdemo/Info.plist;
				INFOPLIST_KEY_UIApplicationSupportsIndirectInputEvents = YES;
				INFOPLIST_KEY_UILaunchStoryboardName = LaunchScreen;
				INFOPLIST_KEY_UIMainStoryboardFile = Main;
				INFOPLIST_KEY_UISupportedInterfaceOrientations_iPad = "UIInterfaceOrientationPortrait UIInterfaceOrientationPortraitUpsideDown UIInterfaceOrientationLandscapeLeft UIInterfaceOrientationLandscapeRight";
				INFOPLIST_KEY_UISupportedInterfaceOrientations_iPhone = "UIInterfaceOrientationPortrait UIInterfaceOrientationLandscapeLeft UIInterfaceOrientationLandscapeRight";
				IPHONEOS_DEPLOYMENT_TARGET = 11.0;
				LD_GENERATE_MAP_FILE = YES;
				LD_RUNPATH_SEARCH_PATHS = (
					"$(inherited)",
					"@executable_path/Frameworks",
				);
				MARKETING_VERSION = 1.0;
				PRODUCT_BUNDLE_IDENTIFIER = com.zhenai.ocdemo;
				PRODUCT_NAME = "$(TARGET_NAME)";
				SWIFT_EMIT_LOC_STRINGS = YES;
				TARGETED_DEVICE_FAMILY = "1,2";
			};
			name = Debug;
		};
		BEB0FB4A29B5E7C40084F7EC /* Release */ = {
			isa = XCBuildConfiguration;
			baseConfigurationReference = 3D50DB9F4A675F8354083FA3 /* Pods-ocdemo.release.xcconfig */;
			buildSettings = {
				ASSETCATALOG_COMPILER_APPICON_NAME = AppIcon;
				ASSETCATALOG_COMPILER_GLOBAL_ACCENT_COLOR_NAME = AccentColor;
				CODE_SIGN_ENTITLEMENTS = ocdemo/ocdemo.entitlements;
				CODE_SIGN_STYLE = Automatic;
				CURRENT_PROJECT_VERSION = 1;
				DEVELOPMENT_TEAM = 4SAW597S7M;
				GENERATE_INFOPLIST_FILE = YES;
				INFOPLIST_FILE = ocdemo/Info.plist;
				INFOPLIST_KEY_UIApplicationSupportsIndirectInputEvents = YES;
				INFOPLIST_KEY_UILaunchStoryboardName = LaunchScreen;
				INFOPLIST_KEY_UIMainStoryboardFile = Main;
				INFOPLIST_KEY_UISupportedInterfaceOrientations_iPad = "UIInterfaceOrientationPortrait UIInterfaceOrientationPortraitUpsideDown UIInterfaceOrientationLandscapeLeft UIInterfaceOrientationLandscapeRight";
				INFOPLIST_KEY_UISupportedInterfaceOrientations_iPhone = "UIInterfaceOrientationPortrait UIInterfaceOrientationLandscapeLeft UIInterfaceOrientationLandscapeRight";
				IPHONEOS_DEPLOYMENT_TARGET = 11.0;
				LD_GENERATE_MAP_FILE = YES;
				LD_RUNPATH_SEARCH_PATHS = (
					"$(inherited)",
					"@executable_path/Frameworks",
				);
				MARKETING_VERSION = 1.0;
				PRODUCT_BUNDLE_IDENTIFIER = com.zhenai.ocdemo;
				PRODUCT_NAME = "$(TARGET_NAME)";
				SWIFT_EMIT_LOC_STRINGS = YES;
				TARGETED_DEVICE_FAMILY = "1,2";
			};
			name = Release;
		};
/* End XCBuildConfiguration section */

/* Begin XCConfigurationList section */
		BEB0FB2A29B5E7C30084F7EC /* Build configuration list for PBXProject "ocdemo" */ = {
			isa = XCConfigurationList;
			buildConfigurations = (
				BEB0FB4629B5E7C40084F7EC /* Debug */,
				BEB0FB4729B5E7C40084F7EC /* Release */,
			);
			defaultConfigurationIsVisible = 0;
			defaultConfigurationName = Release;
		};
		BEB0FB4829B5E7C40084F7EC /* Build configuration list for PBXNativeTarget "ocdemo" */ = {
			isa = XCConfigurationList;
			buildConfigurations = (
				BEB0FB4929B5E7C40084F7EC /* Debug */,
				BEB0FB4A29B5E7C40084F7EC /* Release */,
			);
			defaultConfigurationIsVisible = 0;
			defaultConfigurationName = Release;
		};
/* End XCConfigurationList section */
	};
	rootObject = BEB0FB2729B5E7C30084F7EC /* Project object */;
}
